// !$*UTF8*$!
{
	archiveVersion = 1;
	classes = {
	};
	objectVersion = 46;
	objects = {

/* Begin PBXBuildFile section */
		8A0308351E7B1EC300E50595 /* Extensions.swift in Sources */ = {isa = PBXBuildFile; fileRef = 8A0308341E7B1EC300E50595 /* Extensions.swift */; };
		8A0308371E7B538100E50595 /* LessonHeaderCell.swift in Sources */ = {isa = PBXBuildFile; fileRef = 8A0308361E7B538100E50595 /* LessonHeaderCell.swift */; };
		8A0308391E7B58DB00E50595 /* Constants.swift in Sources */ = {isa = PBXBuildFile; fileRef = 8A0308381E7B58DB00E50595 /* Constants.swift */; };
		8A3583AB1E7983560084B569 /* AppDelegate.swift in Sources */ = {isa = PBXBuildFile; fileRef = 8A3583AA1E7983560084B569 /* AppDelegate.swift */; };
		8A3583B21E7983560084B569 /* Assets.xcassets in Resources */ = {isa = PBXBuildFile; fileRef = 8A3583B11E7983560084B569 /* Assets.xcassets */; };
		8A3583B51E7983560084B569 /* LaunchScreen.storyboard in Resources */ = {isa = PBXBuildFile; fileRef = 8A3583B31E7983560084B569 /* LaunchScreen.storyboard */; };
		8A4009ED1E7C0CC80072BA90 /* LessonController.swift in Sources */ = {isa = PBXBuildFile; fileRef = 8A4009EC1E7C0CC80072BA90 /* LessonController.swift */; };
		8A8938DE1E7DA0DB000B41E7 /* SwiftyJSON.framework in Frameworks */ = {isa = PBXBuildFile; fileRef = 8A8938DD1E7DA0DB000B41E7 /* SwiftyJSON.framework */; };
		8A8938E21E7DC095000B41E7 /* base-sections.json in Resources */ = {isa = PBXBuildFile; fileRef = 8A8938E11E7DC095000B41E7 /* base-sections.json */; };
		8AE24FDB1E79D2AB00FEBB55 /* RootTabController.swift in Sources */ = {isa = PBXBuildFile; fileRef = 8AE24FDA1E79D2AB00FEBB55 /* RootTabController.swift */; };
		8AE24FDD1E79D61600FEBB55 /* LessonsListController.swift in Sources */ = {isa = PBXBuildFile; fileRef = 8AE24FDC1E79D61600FEBB55 /* LessonsListController.swift */; };
		8AE24FDF1E79D63000FEBB55 /* TestsController.swift in Sources */ = {isa = PBXBuildFile; fileRef = 8AE24FDE1E79D63000FEBB55 /* TestsController.swift */; };
		8AE24FE11E79D64800FEBB55 /* ResultsController.swift in Sources */ = {isa = PBXBuildFile; fileRef = 8AE24FE01E79D64800FEBB55 /* ResultsController.swift */; };
		8AE24FE31E79E4AC00FEBB55 /* LessonCell.swift in Sources */ = {isa = PBXBuildFile; fileRef = 8AE24FE21E79E4AC00FEBB55 /* LessonCell.swift */; };
		8AF5F51C1E7C27F5002C58D9 /* DataModel.xcdatamodeld in Sources */ = {isa = PBXBuildFile; fileRef = 8AF5F51A1E7C27F5002C58D9 /* DataModel.xcdatamodeld */; };
		8AF5F53F1E7C6337002C58D9 /* StorageHelper.swift in Sources */ = {isa = PBXBuildFile; fileRef = 8AF5F53E1E7C6337002C58D9 /* StorageHelper.swift */; };
/* End PBXBuildFile section */

/* Begin PBXFileReference section */
		8A0308341E7B1EC300E50595 /* Extensions.swift */ = {isa = PBXFileReference; fileEncoding = 4; lastKnownFileType = sourcecode.swift; name = Extensions.swift; path = helpers/Extensions.swift; sourceTree = "<group>"; };
		8A0308361E7B538100E50595 /* LessonHeaderCell.swift */ = {isa = PBXFileReference; fileEncoding = 4; lastKnownFileType = sourcecode.swift; name = LessonHeaderCell.swift; path = views/LessonHeaderCell.swift; sourceTree = "<group>"; };
		8A0308381E7B58DB00E50595 /* Constants.swift */ = {isa = PBXFileReference; fileEncoding = 4; lastKnownFileType = sourcecode.swift; name = Constants.swift; path = helpers/Constants.swift; sourceTree = "<group>"; };
		8A3583A71E7983560084B569 /* lernglish.app */ = {isa = PBXFileReference; explicitFileType = wrapper.application; includeInIndex = 0; path = lernglish.app; sourceTree = BUILT_PRODUCTS_DIR; };
		8A3583AA1E7983560084B569 /* AppDelegate.swift */ = {isa = PBXFileReference; lastKnownFileType = sourcecode.swift; path = AppDelegate.swift; sourceTree = "<group>"; };
		8A3583B11E7983560084B569 /* Assets.xcassets */ = {isa = PBXFileReference; lastKnownFileType = folder.assetcatalog; path = Assets.xcassets; sourceTree = "<group>"; };
		8A3583B41E7983560084B569 /* Base */ = {isa = PBXFileReference; lastKnownFileType = file.storyboard; name = Base; path = Base.lproj/LaunchScreen.storyboard; sourceTree = "<group>"; };
		8A3583B61E7983560084B569 /* Info.plist */ = {isa = PBXFileReference; lastKnownFileType = text.plist.xml; path = Info.plist; sourceTree = "<group>"; };
		8A4009EC1E7C0CC80072BA90 /* LessonController.swift */ = {isa = PBXFileReference; fileEncoding = 4; lastKnownFileType = sourcecode.swift; name = LessonController.swift; path = controllers/LessonController.swift; sourceTree = "<group>"; };
		8A8938DD1E7DA0DB000B41E7 /* SwiftyJSON.framework */ = {isa = PBXFileReference; lastKnownFileType = wrapper.framework; name = SwiftyJSON.framework; path = Carthage/Build/iOS/SwiftyJSON.framework; sourceTree = "<group>"; };
		8A8938E11E7DC095000B41E7 /* base-sections.json */ = {isa = PBXFileReference; fileEncoding = 4; lastKnownFileType = text.json; path = "base-sections.json"; sourceTree = "<group>"; };
		8AE24FDA1E79D2AB00FEBB55 /* RootTabController.swift */ = {isa = PBXFileReference; fileEncoding = 4; lastKnownFileType = sourcecode.swift; name = RootTabController.swift; path = controllers/RootTabController.swift; sourceTree = "<group>"; };
		8AE24FDC1E79D61600FEBB55 /* LessonsListController.swift */ = {isa = PBXFileReference; fileEncoding = 4; lastKnownFileType = sourcecode.swift; name = LessonsListController.swift; path = controllers/LessonsListController.swift; sourceTree = "<group>"; };
		8AE24FDE1E79D63000FEBB55 /* TestsController.swift */ = {isa = PBXFileReference; fileEncoding = 4; lastKnownFileType = sourcecode.swift; name = TestsController.swift; path = controllers/TestsController.swift; sourceTree = "<group>"; };
		8AE24FE01E79D64800FEBB55 /* ResultsController.swift */ = {isa = PBXFileReference; fileEncoding = 4; lastKnownFileType = sourcecode.swift; name = ResultsController.swift; path = controllers/ResultsController.swift; sourceTree = "<group>"; };
		8AE24FE21E79E4AC00FEBB55 /* LessonCell.swift */ = {isa = PBXFileReference; fileEncoding = 4; lastKnownFileType = sourcecode.swift; name = LessonCell.swift; path = views/LessonCell.swift; sourceTree = "<group>"; };
		8AF5F51B1E7C27F5002C58D9 /* DataModel.xcdatamodel */ = {isa = PBXFileReference; lastKnownFileType = wrapper.xcdatamodel; path = DataModel.xcdatamodel; sourceTree = "<group>"; };
		8AF5F53E1E7C6337002C58D9 /* StorageHelper.swift */ = {isa = PBXFileReference; fileEncoding = 4; lastKnownFileType = sourcecode.swift; name = StorageHelper.swift; path = helpers/StorageHelper.swift; sourceTree = "<group>"; };
/* End PBXFileReference section */

/* Begin PBXFrameworksBuildPhase section */
		8A3583A41E7983560084B569 /* Frameworks */ = {
			isa = PBXFrameworksBuildPhase;
			buildActionMask = 2147483647;
			files = (
				8A8938DE1E7DA0DB000B41E7 /* SwiftyJSON.framework in Frameworks */,
			);
			runOnlyForDeploymentPostprocessing = 0;
		};
/* End PBXFrameworksBuildPhase section */

/* Begin PBXGroup section */
		8A35839E1E7983560084B569 = {
			isa = PBXGroup;
			children = (
				8A3583A91E7983560084B569 /* lernglish */,
				8A3583A81E7983560084B569 /* Products */,
				8A8938DC1E7DA0DB000B41E7 /* Frameworks */,
			);
			sourceTree = "<group>";
		};
		8A3583A81E7983560084B569 /* Products */ = {
			isa = PBXGroup;
			children = (
				8A3583A71E7983560084B569 /* lernglish.app */,
			);
			name = Products;
			sourceTree = "<group>";
		};
		8A3583A91E7983560084B569 /* lernglish */ = {
			isa = PBXGroup;
			children = (
				8A3583AA1E7983560084B569 /* AppDelegate.swift */,
				8AE24FD61E79D23200FEBB55 /* controllers */,
				8AE24FD91E79D25A00FEBB55 /* helpers */,
				8AE24FD81E79D25500FEBB55 /* models */,
				8AE24FD71E79D23C00FEBB55 /* views */,
				8A8938E01E7DC05C000B41E7 /* SupportFIles */,
				8A3583B31E7983560084B569 /* LaunchScreen.storyboard */,
			);
			path = lernglish;
			sourceTree = "<group>";
		};
		8A8938DC1E7DA0DB000B41E7 /* Frameworks */ = {
			isa = PBXGroup;
			children = (
				8A8938DD1E7DA0DB000B41E7 /* SwiftyJSON.framework */,
			);
			name = Frameworks;
			sourceTree = "<group>";
		};
		8A8938E01E7DC05C000B41E7 /* SupportFIles */ = {
			isa = PBXGroup;
			children = (
				8A3583B11E7983560084B569 /* Assets.xcassets */,
				8AF5F51A1E7C27F5002C58D9 /* DataModel.xcdatamodeld */,
				8A3583B61E7983560084B569 /* Info.plist */,
				8A8938E11E7DC095000B41E7 /* base-sections.json */,
			);
			name = SupportFIles;
			sourceTree = "<group>";
		};
		8AE24FD61E79D23200FEBB55 /* controllers */ = {
			isa = PBXGroup;
			children = (
				8AE24FDA1E79D2AB00FEBB55 /* RootTabController.swift */,
				8AE24FDC1E79D61600FEBB55 /* LessonsListController.swift */,
				8A4009EC1E7C0CC80072BA90 /* LessonController.swift */,
				8AE24FDE1E79D63000FEBB55 /* TestsController.swift */,
				8AE24FE01E79D64800FEBB55 /* ResultsController.swift */,
			);
			name = controllers;
			sourceTree = "<group>";
		};
		8AE24FD71E79D23C00FEBB55 /* views */ = {
			isa = PBXGroup;
			children = (
				8AE24FE21E79E4AC00FEBB55 /* LessonCell.swift */,
				8A0308361E7B538100E50595 /* LessonHeaderCell.swift */,
			);
			name = views;
			sourceTree = "<group>";
		};
		8AE24FD81E79D25500FEBB55 /* models */ = {
			isa = PBXGroup;
			children = (
			);
			name = models;
			sourceTree = "<group>";
		};
		8AE24FD91E79D25A00FEBB55 /* helpers */ = {
			isa = PBXGroup;
			children = (
				8A0308341E7B1EC300E50595 /* Extensions.swift */,
				8A0308381E7B58DB00E50595 /* Constants.swift */,
				8AF5F53E1E7C6337002C58D9 /* StorageHelper.swift */,
			);
			name = helpers;
			sourceTree = "<group>";
		};
/* End PBXGroup section */

/* Begin PBXNativeTarget section */
		8A3583A61E7983560084B569 /* lernglish */ = {
			isa = PBXNativeTarget;
			buildConfigurationList = 8A3583B91E7983560084B569 /* Build configuration list for PBXNativeTarget "lernglish" */;
			buildPhases = (
				8A3583A31E7983560084B569 /* Sources */,
				8A3583A41E7983560084B569 /* Frameworks */,
				8A3583A51E7983560084B569 /* Resources */,
				8A8938DF1E7DA0FF000B41E7 /* Run Script */,
			);
			buildRules = (
			);
			dependencies = (
			);
			name = lernglish;
			productName = lernglish;
			productReference = 8A3583A71E7983560084B569 /* lernglish.app */;
			productType = "com.apple.product-type.application";
		};
/* End PBXNativeTarget section */

/* Begin PBXProject section */
		8A35839F1E7983560084B569 /* Project object */ = {
			isa = PBXProject;
			attributes = {
				LastSwiftUpdateCheck = 0820;
				LastUpgradeCheck = 0820;
				ORGANIZATIONNAME = "Maxim Belsky";
				TargetAttributes = {
					8A3583A61E7983560084B569 = {
						CreatedOnToolsVersion = 8.2.1;
						ProvisioningStyle = Manual;
					};
				};
			};
			buildConfigurationList = 8A3583A21E7983560084B569 /* Build configuration list for PBXProject "lernglish" */;
			compatibilityVersion = "Xcode 3.2";
			developmentRegion = English;
			hasScannedForEncodings = 0;
			knownRegions = (
				en,
				Base,
			);
			mainGroup = 8A35839E1E7983560084B569;
			productRefGroup = 8A3583A81E7983560084B569 /* Products */;
			projectDirPath = "";
			projectRoot = "";
			targets = (
				8A3583A61E7983560084B569 /* lernglish */,
			);
		};
/* End PBXProject section */

/* Begin PBXResourcesBuildPhase section */
		8A3583A51E7983560084B569 /* Resources */ = {
			isa = PBXResourcesBuildPhase;
			buildActionMask = 2147483647;
			files = (
				8A3583B51E7983560084B569 /* LaunchScreen.storyboard in Resources */,
				8A8938E21E7DC095000B41E7 /* base-sections.json in Resources */,
				8A3583B21E7983560084B569 /* Assets.xcassets in Resources */,
			);
			runOnlyForDeploymentPostprocessing = 0;
		};
/* End PBXResourcesBuildPhase section */

/* Begin PBXShellScriptBuildPhase section */
		8A8938DF1E7DA0FF000B41E7 /* Run Script */ = {
			isa = PBXShellScriptBuildPhase;
			buildActionMask = 2147483647;
			files = (
			);
			inputPaths = (
				"$(SRCROOT)/Carthage/Build/iOS/SwiftyJSON.framework",
			);
			name = "Run Script";
			outputPaths = (
			);
			runOnlyForDeploymentPostprocessing = 0;
			shellPath = /bin/sh;
			shellScript = "/usr/local/bin/carthage copy-frameworks";
		};
/* End PBXShellScriptBuildPhase section */

/* Begin PBXSourcesBuildPhase section */
		8A3583A31E7983560084B569 /* Sources */ = {
			isa = PBXSourcesBuildPhase;
			buildActionMask = 2147483647;
			files = (
				8AE24FDD1E79D61600FEBB55 /* LessonsListController.swift in Sources */,
				8AE24FE31E79E4AC00FEBB55 /* LessonCell.swift in Sources */,
				8AE24FE11E79D64800FEBB55 /* ResultsController.swift in Sources */,
				8AF5F51C1E7C27F5002C58D9 /* DataModel.xcdatamodeld in Sources */,
				8A3583AB1E7983560084B569 /* AppDelegate.swift in Sources */,
				8AE24FDB1E79D2AB00FEBB55 /* RootTabController.swift in Sources */,
				8A4009ED1E7C0CC80072BA90 /* LessonController.swift in Sources */,
				8AE24FDF1E79D63000FEBB55 /* TestsController.swift in Sources */,
				8A0308371E7B538100E50595 /* LessonHeaderCell.swift in Sources */,
				8A0308351E7B1EC300E50595 /* Extensions.swift in Sources */,
				8A0308391E7B58DB00E50595 /* Constants.swift in Sources */,
				8AF5F53F1E7C6337002C58D9 /* StorageHelper.swift in Sources */,
			);
			runOnlyForDeploymentPostprocessing = 0;
		};
/* End PBXSourcesBuildPhase section */

/* Begin PBXVariantGroup section */
		8A3583B31E7983560084B569 /* LaunchScreen.storyboard */ = {
			isa = PBXVariantGroup;
			children = (
				8A3583B41E7983560084B569 /* Base */,
			);
			name = LaunchScreen.storyboard;
			sourceTree = "<group>";
		};
/* End PBXVariantGroup section */

/* Begin XCBuildConfiguration section */
		8A3583B71E7983560084B569 /* Debug */ = {
			isa = XCBuildConfiguration;
			buildSettings = {
				ALWAYS_SEARCH_USER_PATHS = NO;
				CLANG_ANALYZER_NONNULL = YES;
				CLANG_CXX_LANGUAGE_STANDARD = "gnu++0x";
				CLANG_CXX_LIBRARY = "libc++";
				CLANG_ENABLE_MODULES = YES;
				CLANG_ENABLE_OBJC_ARC = YES;
				CLANG_WARN_BOOL_CONVERSION = YES;
				CLANG_WARN_CONSTANT_CONVERSION = YES;
				CLANG_WARN_DIRECT_OBJC_ISA_USAGE = YES_ERROR;
				CLANG_WARN_DOCUMENTATION_COMMENTS = YES;
				CLANG_WARN_EMPTY_BODY = YES;
				CLANG_WARN_ENUM_CONVERSION = YES;
				CLANG_WARN_INFINITE_RECURSION = YES;
				CLANG_WARN_INT_CONVERSION = YES;
				CLANG_WARN_OBJC_ROOT_CLASS = YES_ERROR;
				CLANG_WARN_SUSPICIOUS_MOVE = YES;
				CLANG_WARN_UNREACHABLE_CODE = YES;
				CLANG_WARN__DUPLICATE_METHOD_MATCH = YES;
				"CODE_SIGN_IDENTITY[sdk=iphoneos*]" = "iPhone Developer";
				COPY_PHASE_STRIP = NO;
				DEBUG_INFORMATION_FORMAT = dwarf;
				ENABLE_STRICT_OBJC_MSGSEND = YES;
				ENABLE_TESTABILITY = YES;
				GCC_C_LANGUAGE_STANDARD = gnu99;
				GCC_DYNAMIC_NO_PIC = NO;
				GCC_NO_COMMON_BLOCKS = YES;
				GCC_OPTIMIZATION_LEVEL = 0;
				GCC_PREPROCESSOR_DEFINITIONS = (
					"DEBUG=1",
					"$(inherited)",
				);
				GCC_WARN_64_TO_32_BIT_CONVERSION = YES;
				GCC_WARN_ABOUT_RETURN_TYPE = YES_ERROR;
				GCC_WARN_UNDECLARED_SELECTOR = YES;
				GCC_WARN_UNINITIALIZED_AUTOS = YES_AGGRESSIVE;
				GCC_WARN_UNUSED_FUNCTION = YES;
				GCC_WARN_UNUSED_VARIABLE = YES;
				IPHONEOS_DEPLOYMENT_TARGET = 10.2;
				MTL_ENABLE_DEBUG_INFO = YES;
				ONLY_ACTIVE_ARCH = YES;
				SDKROOT = iphoneos;
				SWIFT_ACTIVE_COMPILATION_CONDITIONS = DEBUG;
				SWIFT_OPTIMIZATION_LEVEL = "-Onone";
			};
			name = Debug;
		};
		8A3583B81E7983560084B569 /* Release */ = {
			isa = XCBuildConfiguration;
			buildSettings = {
				ALWAYS_SEARCH_USER_PATHS = NO;
				CLANG_ANALYZER_NONNULL = YES;
				CLANG_CXX_LANGUAGE_STANDARD = "gnu++0x";
				CLANG_CXX_LIBRARY = "libc++";
				CLANG_ENABLE_MODULES = YES;
				CLANG_ENABLE_OBJC_ARC = YES;
				CLANG_WARN_BOOL_CONVERSION = YES;
				CLANG_WARN_CONSTANT_CONVERSION = YES;
				CLANG_WARN_DIRECT_OBJC_ISA_USAGE = YES_ERROR;
				CLANG_WARN_DOCUMENTATION_COMMENTS = YES;
				CLANG_WARN_EMPTY_BODY = YES;
				CLANG_WARN_ENUM_CONVERSION = YES;
				CLANG_WARN_INFINITE_RECURSION = YES;
				CLANG_WARN_INT_CONVERSION = YES;
				CLANG_WARN_OBJC_ROOT_CLASS = YES_ERROR;
				CLANG_WARN_SUSPICIOUS_MOVE = YES;
				CLANG_WARN_UNREACHABLE_CODE = YES;
				CLANG_WARN__DUPLICATE_METHOD_MATCH = YES;
				"CODE_SIGN_IDENTITY[sdk=iphoneos*]" = "iPhone Developer";
				COPY_PHASE_STRIP = NO;
				DEBUG_INFORMATION_FORMAT = "dwarf-with-dsym";
				ENABLE_NS_ASSERTIONS = NO;
				ENABLE_STRICT_OBJC_MSGSEND = YES;
				GCC_C_LANGUAGE_STANDARD = gnu99;
				GCC_NO_COMMON_BLOCKS = YES;
				GCC_WARN_64_TO_32_BIT_CONVERSION = YES;
				GCC_WARN_ABOUT_RETURN_TYPE = YES_ERROR;
				GCC_WARN_UNDECLARED_SELECTOR = YES;
				GCC_WARN_UNINITIALIZED_AUTOS = YES_AGGRESSIVE;
				GCC_WARN_UNUSED_FUNCTION = YES;
				GCC_WARN_UNUSED_VARIABLE = YES;
				IPHONEOS_DEPLOYMENT_TARGET = 10.2;
				MTL_ENABLE_DEBUG_INFO = NO;
				SDKROOT = iphoneos;
				SWIFT_OPTIMIZATION_LEVEL = "-Owholemodule";
				VALIDATE_PRODUCT = YES;
			};
			name = Release;
		};
		8A3583BA1E7983560084B569 /* Debug */ = {
			isa = XCBuildConfiguration;
			buildSettings = {
				ASSETCATALOG_COMPILER_APPICON_NAME = AppIcon;
				DEVELOPMENT_TEAM = "";
				FRAMEWORK_SEARCH_PATHS = (
					"$(inherited)",
					"$(PROJECT_DIR)/Carthage/Build/iOS",
				);
				INFOPLIST_FILE = lernglish/Info.plist;
				LD_RUNPATH_SEARCH_PATHS = "$(inherited) @executable_path/Frameworks";
				PRODUCT_BUNDLE_IDENTIFIER = com.mbelsky.lernglish;
				PRODUCT_NAME = "$(TARGET_NAME)";
				SWIFT_VERSION = 3.0;
			};
			name = Debug;
		};
		8A3583BB1E7983560084B569 /* Release */ = {
			isa = XCBuildConfiguration;
			buildSettings = {
				ASSETCATALOG_COMPILER_APPICON_NAME = AppIcon;
				DEVELOPMENT_TEAM = "";
				FRAMEWORK_SEARCH_PATHS = (
					"$(inherited)",
					"$(PROJECT_DIR)/Carthage/Build/iOS",
				);
				INFOPLIST_FILE = lernglish/Info.plist;
				LD_RUNPATH_SEARCH_PATHS = "$(inherited) @executable_path/Frameworks";
				PRODUCT_BUNDLE_IDENTIFIER = com.mbelsky.lernglish;
				PRODUCT_NAME = "$(TARGET_NAME)";
				SWIFT_VERSION = 3.0;
			};
			name = Release;
		};
/* End XCBuildConfiguration section */

/* Begin XCConfigurationList section */
		8A3583A21E7983560084B569 /* Build configuration list for PBXProject "lernglish" */ = {
			isa = XCConfigurationList;
			buildConfigurations = (
				8A3583B71E7983560084B569 /* Debug */,
				8A3583B81E7983560084B569 /* Release */,
			);
			defaultConfigurationIsVisible = 0;
			defaultConfigurationName = Release;
		};
		8A3583B91E7983560084B569 /* Build configuration list for PBXNativeTarget "lernglish" */ = {
			isa = XCConfigurationList;
			buildConfigurations = (
				8A3583BA1E7983560084B569 /* Debug */,
				8A3583BB1E7983560084B569 /* Release */,
			);
			defaultConfigurationIsVisible = 0;
			defaultConfigurationName = Release;
		};
/* End XCConfigurationList section */

/* Begin XCVersionGroup section */
		8AF5F51A1E7C27F5002C58D9 /* DataModel.xcdatamodeld */ = {
			isa = XCVersionGroup;
			children = (
				8AF5F51B1E7C27F5002C58D9 /* DataModel.xcdatamodel */,
			);
			currentVersion = 8AF5F51B1E7C27F5002C58D9 /* DataModel.xcdatamodel */;
			path = DataModel.xcdatamodeld;
			sourceTree = "<group>";
			versionGroupType = wrapper.xcdatamodel;
		};
/* End XCVersionGroup section */
	};
	rootObject = 8A35839F1E7983560084B569 /* Project object */;
}
